
Microsoft Visual Studio Solution File, Format Version 12.00
# Visual Studio Version 17
VisualStudioVersion = 17.14.36705.20 d17.14
MinimumVisualStudioVersion = 10.0.40219.1
Project("{FAE04EC0-301F-11D3-BF4B-00C04F79EFBC}") = "LibraryManagment", "LibraryManagment\LibraryManagment.csproj", "{FA52F3EF-5CB4-48F8-96BA-D2397EB50882}"
EndProject
Global
	GlobalSection(SolutionConfigurationPlatforms) = preSolution
		Debug|Any CPU = Debug|Any CPU
		Release|Any CPU = Release|Any CPU
	EndGlobalSection
	GlobalSection(ProjectConfigurationPlatforms) = postSolution
		{FA52F3EF-5CB4-48F8-96BA-D2397EB50882}.Debug|Any CPU.ActiveCfg = Debug|Any CPU
		{FA52F3EF-5CB4-48F8-96BA-D2397EB50882}.Debug|Any CPU.Build.0 = Debug|Any CPU
		{FA52F3EF-5CB4-48F8-96BA-D2397EB50882}.Release|Any CPU.ActiveCfg = Release|Any CPU
		{FA52F3EF-5CB4-48F8-96BA-D2397EB50882}.Release|Any CPU.Build.0 = Release|Any CPU
	EndGlobalSection
	GlobalSection(SolutionProperties) = preSolution
		HideSolutionNode = FALSE
	EndGlobalSection
	GlobalSection(ExtensibilityGlobals) = postSolution
		SolutionGuid = {1E511AD3-EEAD-4BEC-AFA2-64E61EE84089}
	EndGlobalSection
EndGlobal
